{
  "name": "mpvue-cropper",
  "version": "0.2.2",
  "lockfileVersion": 1,
  "requires": true,
  "dependencies": {
    "base-64": {
      "version": "0.1.0",
      "resolved": "https://registry.npmjs.org/base-64/-/base-64-0.1.0.tgz",
      "integrity": "sha1-eAqZyE59YAJgNhURxId2E78k9rs="
    },
    "we-cropper": {
      "version": "1.3.8",
      "resolved": "https://registry.npmjs.org/we-cropper/-/we-cropper-1.3.8.tgz",
      "integrity": "sha512-RefTT7vyPhL5DlhT+9lFd6dGIosCWsy3xDkS+syUtWgssvwXuIGvo1AiSqev/tz/eRqt4V9+PviZDm7RwUJugw==",
      "requires": {
        "base-64": "^0.1.0"
      }
    }
  }
}
